
Microsoft Visual Studio Solution File, Format Version 12.00
# Visual Studio Version 16
VisualStudioVersion = 16.0.33423.256
MinimumVisualStudioVersion = 10.0.40219.1
Project("{FAE04EC0-301F-11D3-BF4B-00C04F79EFBC}") = "OOP Week 5", "OOP Week 5\OOP Week 5.csproj", "{D06EEF17-DC86-42DB-8AF2-4CC6F3237A0E}"
EndProject
Global
	GlobalSection(SolutionConfigurationPlatforms) = preSolution
		Debug|Any CPU = Debug|Any CPU
		Release|Any CPU = Release|Any CPU
	EndGlobalSection
	GlobalSection(ProjectConfigurationPlatforms) = postSolution
		{D06EEF17-DC86-42DB-8AF2-4CC6F3237A0E}.Debug|Any CPU.ActiveCfg = Debug|Any CPU
		{D06EEF17-DC86-42DB-8AF2-4CC6F3237A0E}.Debug|Any CPU.Build.0 = Debug|Any CPU
		{D06EEF17-DC86-42DB-8AF2-4CC6F3237A0E}.Release|Any CPU.ActiveCfg = Release|Any CPU
		{D06EEF17-DC86-42DB-8AF2-4CC6F3237A0E}.Release|Any CPU.Build.0 = Release|Any CPU
	EndGlobalSection
	GlobalSection(SolutionProperties) = preSolution
		HideSolutionNode = FALSE
	EndGlobalSection
	GlobalSection(ExtensibilityGlobals) = postSolution
		SolutionGuid = {A432E958-2279-479A-A01A-9947E4303803}
	EndGlobalSection
EndGlobal
